
Microsoft Visual Studio Solution File, Format Version 12.00
# Visual Studio Version 17
VisualStudioVersion = 17.0.31903.59
MinimumVisualStudioVersion = 10.0.40219.1
Project("{2150E333-8FDC-42A3-9474-1A3956D46DE8}") = "backend", "backend", "{1AE8ACA6-933B-BF2A-3671-3E2EAC007D16}"
EndProject
Project("{2150E333-8FDC-42A3-9474-1A3956D46DE8}") = "src", "src", "{0F9113EE-888A-26D2-68B0-4A7D0A2A8745}"
EndProject
Project("{FAE04EC0-301F-11D3-BF4B-00C04F79EFBC}") = "ChildTreatment.Api", "backend\src\ChildTreatment.Api\ChildTreatment.Api.csproj", "{4B668644-1D22-4D89-8369-3B899C955539}"
EndProject
Project("{2150E333-8FDC-42A3-9474-1A3956D46DE8}") = "tests", "tests", "{F57642F3-C37C-D174-720E-6A6AAD5BEE22}"
EndProject
Project("{FAE04EC0-301F-11D3-BF4B-00C04F79EFBC}") = "ChildTreatment.Api.Tests", "backend\tests\ChildTreatment.Api.Tests\ChildTreatment.Api.Tests.csproj", "{910E5005-1E8E-4394-832B-3825699522B5}"
EndProject
Project("{2150E333-8FDC-42A3-9474-1A3956D46DE8}") = "tools", "tools", "{443549C8-118B-B6B8-CC2A-67E78F06C638}"
EndProject
Project("{FAE04EC0-301F-11D3-BF4B-00C04F79EFBC}") = "AgentEval", "backend\tools\AgentEval\AgentEval.csproj", "{58F1844B-9A31-47E8-B941-18D1B43B0AA0}"
EndProject
Global
	GlobalSection(SolutionConfigurationPlatforms) = preSolution
		Debug|Any CPU = Debug|Any CPU
		Debug|x64 = Debug|x64
		Debug|x86 = Debug|x86
		Release|Any CPU = Release|Any CPU
		Release|x64 = Release|x64
		Release|x86 = Release|x86
	EndGlobalSection
	GlobalSection(ProjectConfigurationPlatforms) = postSolution
		{4B668644-1D22-4D89-8369-3B899C955539}.Debug|Any CPU.ActiveCfg = Debug|Any CPU
		{4B668644-1D22-4D89-8369-3B899C955539}.Debug|Any CPU.Build.0 = Debug|Any CPU
		{4B668644-1D22-4D89-8369-3B899C955539}.Debug|x64.ActiveCfg = Debug|Any CPU
		{4B668644-1D22-4D89-8369-3B899C955539}.Debug|x64.Build.0 = Debug|Any CPU
		{4B668644-1D22-4D89-8369-3B899C955539}.Debug|x86.ActiveCfg = Debug|Any CPU
		{4B668644-1D22-4D89-8369-3B899C955539}.Debug|x86.Build.0 = Debug|Any CPU
		{4B668644-1D22-4D89-8369-3B899C955539}.Release|Any CPU.ActiveCfg = Release|Any CPU
		{4B668644-1D22-4D89-8369-3B899C955539}.Release|Any CPU.Build.0 = Release|Any CPU
		{4B668644-1D22-4D89-8369-3B899C955539}.Release|x64.ActiveCfg = Release|Any CPU
		{4B668644-1D22-4D89-8369-3B899C955539}.Release|x64.Build.0 = Release|Any CPU
		{4B668644-1D22-4D89-8369-3B899C955539}.Release|x86.ActiveCfg = Release|Any CPU
		{4B668644-1D22-4D89-8369-3B899C955539}.Release|x86.Build.0 = Release|Any CPU
		{910E5005-1E8E-4394-832B-3825699522B5}.Debug|Any CPU.ActiveCfg = Debug|Any CPU
		{910E5005-1E8E-4394-832B-3825699522B5}.Debug|Any CPU.Build.0 = Debug|Any CPU
		{910E5005-1E8E-4394-832B-3825699522B5}.Debug|x64.ActiveCfg = Debug|Any CPU
		{910E5005-1E8E-4394-832B-3825699522B5}.Debug|x64.Build.0 = Debug|Any CPU
		{910E5005-1E8E-4394-832B-3825699522B5}.Debug|x86.ActiveCfg = Debug|Any CPU
		{910E5005-1E8E-4394-832B-3825699522B5}.Debug|x86.Build.0 = Debug|Any CPU
		{910E5005-1E8E-4394-832B-3825699522B5}.Release|Any CPU.ActiveCfg = Release|Any CPU
		{910E5005-1E8E-4394-832B-3825699522B5}.Release|Any CPU.Build.0 = Release|Any CPU
		{910E5005-1E8E-4394-832B-3825699522B5}.Release|x64.ActiveCfg = Release|Any CPU
		{910E5005-1E8E-4394-832B-3825699522B5}.Release|x64.Build.0 = Release|Any CPU
		{910E5005-1E8E-4394-832B-3825699522B5}.Release|x86.ActiveCfg = Release|Any CPU
		{910E5005-1E8E-4394-832B-3825699522B5}.Release|x86.Build.0 = Release|Any CPU
		{58F1844B-9A31-47E8-B941-18D1B43B0AA0}.Debug|Any CPU.ActiveCfg = Debug|Any CPU
		{58F1844B-9A31-47E8-B941-18D1B43B0AA0}.Debug|Any CPU.Build.0 = Debug|Any CPU
		{58F1844B-9A31-47E8-B941-18D1B43B0AA0}.Debug|x64.ActiveCfg = Debug|Any CPU
		{58F1844B-9A31-47E8-B941-18D1B43B0AA0}.Debug|x64.Build.0 = Debug|Any CPU
		{58F1844B-9A31-47E8-B941-18D1B43B0AA0}.Debug|x86.ActiveCfg = Debug|Any CPU
		{58F1844B-9A31-47E8-B941-18D1B43B0AA0}.Debug|x86.Build.0 = Debug|Any CPU
		{58F1844B-9A31-47E8-B941-18D1B43B0AA0}.Release|Any CPU.ActiveCfg = Release|Any CPU
		{58F1844B-9A31-47E8-B941-18D1B43B0AA0}.Release|Any CPU.Build.0 = Release|Any CPU
		{58F1844B-9A31-47E8-B941-18D1B43B0AA0}.Release|x64.ActiveCfg = Release|Any CPU
		{58F1844B-9A31-47E8-B941-18D1B43B0AA0}.Release|x64.Build.0 = Release|Any CPU
		{58F1844B-9A31-47E8-B941-18D1B43B0AA0}.Release|x86.ActiveCfg = Release|Any CPU
		{58F1844B-9A31-47E8-B941-18D1B43B0AA0}.Release|x86.Build.0 = Release|Any CPU
	EndGlobalSection
	GlobalSection(SolutionProperties) = preSolution
		HideSolutionNode = FALSE
	EndGlobalSection
	GlobalSection(NestedProjects) = preSolution
		{0F9113EE-888A-26D2-68B0-4A7D0A2A8745} = {1AE8ACA6-933B-BF2A-3671-3E2EAC007D16}
		{4B668644-1D22-4D89-8369-3B899C955539} = {0F9113EE-888A-26D2-68B0-4A7D0A2A8745}
		{F57642F3-C37C-D174-720E-6A6AAD5BEE22} = {1AE8ACA6-933B-BF2A-3671-3E2EAC007D16}
		{910E5005-1E8E-4394-832B-3825699522B5} = {F57642F3-C37C-D174-720E-6A6AAD5BEE22}
		{443549C8-118B-B6B8-CC2A-67E78F06C638} = {1AE8ACA6-933B-BF2A-3671-3E2EAC007D16}
		{58F1844B-9A31-47E8-B941-18D1B43B0AA0} = {443549C8-118B-B6B8-CC2A-67E78F06C638}
	EndGlobalSection
EndGlobal
